
Microsoft Visual Studio Solution File, Format Version 12.00
# Visual Studio 2013
VisualStudioVersion = 12.0.21005.1
MinimumVisualStudioVersion = 10.0.40219.1
Project("{FAE04EC0-301F-11D3-BF4B-00C04F79EFBC}") = "Problems-1To3", "CTSHomework\Problems-1To3.csproj", "{E70E6DB1-5AEE-4691-A783-62DA65696F88}"
EndProject
Project("{FAE04EC0-301F-11D3-BF4B-00C04F79EFBC}") = "Problem4-Define-Class-Person", "Problem4-Define-Class-Person\Problem4-Define-Class-Person.csproj", "{5227ACF9-1E7A-4EC2-868B-63FA5D27287D}"
EndProject
Project("{FAE04EC0-301F-11D3-BF4B-00C04F79EFBC}") = "Problem5-BitArray", "Problem5-BitArray\Problem5-BitArray.csproj", "{B3E4EC1A-25DD-4105-AA58-08CE78671316}"
EndProject
Global
	GlobalSection(SolutionConfigurationPlatforms) = preSolution
		Debug|Any CPU = Debug|Any CPU
		Release|Any CPU = Release|Any CPU
	EndGlobalSection
	GlobalSection(ProjectConfigurationPlatforms) = postSolution
		{E70E6DB1-5AEE-4691-A783-62DA65696F88}.Debug|Any CPU.ActiveCfg = Debug|Any CPU
		{E70E6DB1-5AEE-4691-A783-62DA65696F88}.Debug|Any CPU.Build.0 = Debug|Any CPU
		{E70E6DB1-5AEE-4691-A783-62DA65696F88}.Release|Any CPU.ActiveCfg = Release|Any CPU
		{E70E6DB1-5AEE-4691-A783-62DA65696F88}.Release|Any CPU.Build.0 = Release|Any CPU
		{5227ACF9-1E7A-4EC2-868B-63FA5D27287D}.Debug|Any CPU.ActiveCfg = Debug|Any CPU
		{5227ACF9-1E7A-4EC2-868B-63FA5D27287D}.Debug|Any CPU.Build.0 = Debug|Any CPU
		{5227ACF9-1E7A-4EC2-868B-63FA5D27287D}.Release|Any CPU.ActiveCfg = Release|Any CPU
		{5227ACF9-1E7A-4EC2-868B-63FA5D27287D}.Release|Any CPU.Build.0 = Release|Any CPU
		{B3E4EC1A-25DD-4105-AA58-08CE78671316}.Debug|Any CPU.ActiveCfg = Debug|Any CPU
		{B3E4EC1A-25DD-4105-AA58-08CE78671316}.Debug|Any CPU.Build.0 = Debug|Any CPU
		{B3E4EC1A-25DD-4105-AA58-08CE78671316}.Release|Any CPU.ActiveCfg = Release|Any CPU
		{B3E4EC1A-25DD-4105-AA58-08CE78671316}.Release|Any CPU.Build.0 = Release|Any CPU
	EndGlobalSection
	GlobalSection(SolutionProperties) = preSolution
		HideSolutionNode = FALSE
	EndGlobalSection
EndGlobal
