
Microsoft Visual Studio Solution File, Format Version 12.00
# Visual Studio Express 2013 for Windows Desktop
VisualStudioVersion = 12.0.21005.1
MinimumVisualStudioVersion = 10.0.40219.1
Project("{FAE04EC0-301F-11D3-BF4B-00C04F79EFBC}") = "201.PrintMatrix4Ways", "PrintMatrix4Ways\201.PrintMatrix4Ways.csproj", "{5EE13DBF-D73F-4F2C-99B9-52951273CC1F}"
EndProject
Project("{FAE04EC0-301F-11D3-BF4B-00C04F79EFBC}") = "202.SquareWithMaxSum", "SquareWithMaxSum\202.SquareWithMaxSum.csproj", "{9177236B-5219-414B-A2B0-D8D92B8119C5}"
EndProject
Project("{FAE04EC0-301F-11D3-BF4B-00C04F79EFBC}") = "204.SortAndFindTheLargestNumber", "SortAndFindTheLargestNumber\204.SortAndFindTheLargestNumber.csproj", "{6B250AAB-A8C1-400A-AA47-4482B46F77BC}"
EndProject
Project("{FAE04EC0-301F-11D3-BF4B-00C04F79EFBC}") = "205.SortAnArrayOfStrings", "SortAnArrayOfStrings\205.SortAnArrayOfStrings.csproj", "{E27B5AEF-E9E1-42DB-9852-02990D405BB5}"
EndProject
Project("{FAE04EC0-301F-11D3-BF4B-00C04F79EFBC}") = "203.LongestSequenceOfEqualStrings", "LongestSequenceOfEqualStrings\203.LongestSequenceOfEqualStrings.csproj", "{DD997CBD-A730-472F-BED7-01EFEC4C6067}"
EndProject
Global
	GlobalSection(SolutionConfigurationPlatforms) = preSolution
		Debug|Any CPU = Debug|Any CPU
		Release|Any CPU = Release|Any CPU
	EndGlobalSection
	GlobalSection(ProjectConfigurationPlatforms) = postSolution
		{5EE13DBF-D73F-4F2C-99B9-52951273CC1F}.Debug|Any CPU.ActiveCfg = Debug|Any CPU
		{5EE13DBF-D73F-4F2C-99B9-52951273CC1F}.Debug|Any CPU.Build.0 = Debug|Any CPU
		{5EE13DBF-D73F-4F2C-99B9-52951273CC1F}.Release|Any CPU.ActiveCfg = Release|Any CPU
		{5EE13DBF-D73F-4F2C-99B9-52951273CC1F}.Release|Any CPU.Build.0 = Release|Any CPU
		{9177236B-5219-414B-A2B0-D8D92B8119C5}.Debug|Any CPU.ActiveCfg = Debug|Any CPU
		{9177236B-5219-414B-A2B0-D8D92B8119C5}.Debug|Any CPU.Build.0 = Debug|Any CPU
		{9177236B-5219-414B-A2B0-D8D92B8119C5}.Release|Any CPU.ActiveCfg = Release|Any CPU
		{9177236B-5219-414B-A2B0-D8D92B8119C5}.Release|Any CPU.Build.0 = Release|Any CPU
		{6B250AAB-A8C1-400A-AA47-4482B46F77BC}.Debug|Any CPU.ActiveCfg = Debug|Any CPU
		{6B250AAB-A8C1-400A-AA47-4482B46F77BC}.Debug|Any CPU.Build.0 = Debug|Any CPU
		{6B250AAB-A8C1-400A-AA47-4482B46F77BC}.Release|Any CPU.ActiveCfg = Release|Any CPU
		{6B250AAB-A8C1-400A-AA47-4482B46F77BC}.Release|Any CPU.Build.0 = Release|Any CPU
		{E27B5AEF-E9E1-42DB-9852-02990D405BB5}.Debug|Any CPU.ActiveCfg = Debug|Any CPU
		{E27B5AEF-E9E1-42DB-9852-02990D405BB5}.Debug|Any CPU.Build.0 = Debug|Any CPU
		{E27B5AEF-E9E1-42DB-9852-02990D405BB5}.Release|Any CPU.ActiveCfg = Release|Any CPU
		{E27B5AEF-E9E1-42DB-9852-02990D405BB5}.Release|Any CPU.Build.0 = Release|Any CPU
		{DD997CBD-A730-472F-BED7-01EFEC4C6067}.Debug|Any CPU.ActiveCfg = Debug|Any CPU
		{DD997CBD-A730-472F-BED7-01EFEC4C6067}.Debug|Any CPU.Build.0 = Debug|Any CPU
		{DD997CBD-A730-472F-BED7-01EFEC4C6067}.Release|Any CPU.ActiveCfg = Release|Any CPU
		{DD997CBD-A730-472F-BED7-01EFEC4C6067}.Release|Any CPU.Build.0 = Release|Any CPU
	EndGlobalSection
	GlobalSection(SolutionProperties) = preSolution
		HideSolutionNode = FALSE
	EndGlobalSection
EndGlobal
