
Microsoft Visual Studio Solution File, Format Version 12.00
# Visual Studio Express 2013 for Windows Desktop
VisualStudioVersion = 12.0.21005.1
MinimumVisualStudioVersion = 10.0.40219.1
Project("{FAE04EC0-301F-11D3-BF4B-00C04F79EFBC}") = "401.ConvertDecimalToBinary", "ConvertDecimalToBinary\401.ConvertDecimalToBinary.csproj", "{02A9FAF1-E7FC-41CE-BCA3-48F16BD6A895}"
EndProject
Project("{FAE04EC0-301F-11D3-BF4B-00C04F79EFBC}") = "402.ConvertBinaryToDecimal", "ConvertBinaryToDecimal\402.ConvertBinaryToDecimal.csproj", "{9FB13310-3FF2-411D-89D5-58CEEE6CA3A1}"
EndProject
Project("{FAE04EC0-301F-11D3-BF4B-00C04F79EFBC}") = "403.ConvertDecimalToHexadecimal", "ConvertDecimalToHexadecimal\403.ConvertDecimalToHexadecimal.csproj", "{F9BA70AC-C6DD-4979-8B05-B736C291712F}"
EndProject
Project("{FAE04EC0-301F-11D3-BF4B-00C04F79EFBC}") = "404.ConvertHexadecimalToDecimal", "ConvertHexadecimalToDecimal\404.ConvertHexadecimalToDecimal.csproj", "{567C190C-B1A9-4C03-A067-13F86FB0A09E}"
EndProject
Project("{FAE04EC0-301F-11D3-BF4B-00C04F79EFBC}") = "405.ConvertHexadecimalToBinary", "ConvertHexadecimalToBinary\405.ConvertHexadecimalToBinary.csproj", "{3E0C4CAC-9277-4F15-B754-5E39056BDCA0}"
EndProject
Project("{FAE04EC0-301F-11D3-BF4B-00C04F79EFBC}") = "406.ConvertBinaryToHexadecimal", "ConvertBinaryToHexadecimal\406.ConvertBinaryToHexadecimal.csproj", "{EC2E23C2-ED56-4806-AFB9-C43A27F88945}"
EndProject
Project("{FAE04EC0-301F-11D3-BF4B-00C04F79EFBC}") = "407.ConvertNFromBaseSToBaseD", "ConvertNFromSToD\407.ConvertNFromBaseSToBaseD.csproj", "{7E781EBC-E8ED-4F02-BEA3-796307814D9A}"
EndProject
Project("{FAE04EC0-301F-11D3-BF4B-00C04F79EFBC}") = "408.BinaryRepresentationOfSigned16-bitInt", "BinaryRepresentationOfSigned16-bitInt\408.BinaryRepresentationOfSigned16-bitInt.csproj", "{C9247D90-22D9-4356-A5E3-DEDC3E1733E0}"
EndProject
Project("{FAE04EC0-301F-11D3-BF4B-00C04F79EFBC}") = "409.FloatingPointNumberBinaryRepresentation", "FloatingPointNumberBinaryRepresentation\409.FloatingPointNumberBinaryRepresentation.csproj", "{97D1F40C-FB85-40A3-B57C-0FD32A8E971D}"
EndProject
Global
	GlobalSection(SolutionConfigurationPlatforms) = preSolution
		Debug|Any CPU = Debug|Any CPU
		Release|Any CPU = Release|Any CPU
	EndGlobalSection
	GlobalSection(ProjectConfigurationPlatforms) = postSolution
		{02A9FAF1-E7FC-41CE-BCA3-48F16BD6A895}.Debug|Any CPU.ActiveCfg = Debug|Any CPU
		{02A9FAF1-E7FC-41CE-BCA3-48F16BD6A895}.Debug|Any CPU.Build.0 = Debug|Any CPU
		{02A9FAF1-E7FC-41CE-BCA3-48F16BD6A895}.Release|Any CPU.ActiveCfg = Release|Any CPU
		{02A9FAF1-E7FC-41CE-BCA3-48F16BD6A895}.Release|Any CPU.Build.0 = Release|Any CPU
		{9FB13310-3FF2-411D-89D5-58CEEE6CA3A1}.Debug|Any CPU.ActiveCfg = Debug|Any CPU
		{9FB13310-3FF2-411D-89D5-58CEEE6CA3A1}.Debug|Any CPU.Build.0 = Debug|Any CPU
		{9FB13310-3FF2-411D-89D5-58CEEE6CA3A1}.Release|Any CPU.ActiveCfg = Release|Any CPU
		{9FB13310-3FF2-411D-89D5-58CEEE6CA3A1}.Release|Any CPU.Build.0 = Release|Any CPU
		{F9BA70AC-C6DD-4979-8B05-B736C291712F}.Debug|Any CPU.ActiveCfg = Debug|Any CPU
		{F9BA70AC-C6DD-4979-8B05-B736C291712F}.Debug|Any CPU.Build.0 = Debug|Any CPU
		{F9BA70AC-C6DD-4979-8B05-B736C291712F}.Release|Any CPU.ActiveCfg = Release|Any CPU
		{F9BA70AC-C6DD-4979-8B05-B736C291712F}.Release|Any CPU.Build.0 = Release|Any CPU
		{567C190C-B1A9-4C03-A067-13F86FB0A09E}.Debug|Any CPU.ActiveCfg = Debug|Any CPU
		{567C190C-B1A9-4C03-A067-13F86FB0A09E}.Debug|Any CPU.Build.0 = Debug|Any CPU
		{567C190C-B1A9-4C03-A067-13F86FB0A09E}.Release|Any CPU.ActiveCfg = Release|Any CPU
		{567C190C-B1A9-4C03-A067-13F86FB0A09E}.Release|Any CPU.Build.0 = Release|Any CPU
		{3E0C4CAC-9277-4F15-B754-5E39056BDCA0}.Debug|Any CPU.ActiveCfg = Debug|Any CPU
		{3E0C4CAC-9277-4F15-B754-5E39056BDCA0}.Debug|Any CPU.Build.0 = Debug|Any CPU
		{3E0C4CAC-9277-4F15-B754-5E39056BDCA0}.Release|Any CPU.ActiveCfg = Release|Any CPU
		{3E0C4CAC-9277-4F15-B754-5E39056BDCA0}.Release|Any CPU.Build.0 = Release|Any CPU
		{EC2E23C2-ED56-4806-AFB9-C43A27F88945}.Debug|Any CPU.ActiveCfg = Debug|Any CPU
		{EC2E23C2-ED56-4806-AFB9-C43A27F88945}.Debug|Any CPU.Build.0 = Debug|Any CPU
		{EC2E23C2-ED56-4806-AFB9-C43A27F88945}.Release|Any CPU.ActiveCfg = Release|Any CPU
		{EC2E23C2-ED56-4806-AFB9-C43A27F88945}.Release|Any CPU.Build.0 = Release|Any CPU
		{7E781EBC-E8ED-4F02-BEA3-796307814D9A}.Debug|Any CPU.ActiveCfg = Debug|Any CPU
		{7E781EBC-E8ED-4F02-BEA3-796307814D9A}.Debug|Any CPU.Build.0 = Debug|Any CPU
		{7E781EBC-E8ED-4F02-BEA3-796307814D9A}.Release|Any CPU.ActiveCfg = Release|Any CPU
		{7E781EBC-E8ED-4F02-BEA3-796307814D9A}.Release|Any CPU.Build.0 = Release|Any CPU
		{C9247D90-22D9-4356-A5E3-DEDC3E1733E0}.Debug|Any CPU.ActiveCfg = Debug|Any CPU
		{C9247D90-22D9-4356-A5E3-DEDC3E1733E0}.Debug|Any CPU.Build.0 = Debug|Any CPU
		{C9247D90-22D9-4356-A5E3-DEDC3E1733E0}.Release|Any CPU.ActiveCfg = Release|Any CPU
		{C9247D90-22D9-4356-A5E3-DEDC3E1733E0}.Release|Any CPU.Build.0 = Release|Any CPU
		{97D1F40C-FB85-40A3-B57C-0FD32A8E971D}.Debug|Any CPU.ActiveCfg = Debug|Any CPU
		{97D1F40C-FB85-40A3-B57C-0FD32A8E971D}.Debug|Any CPU.Build.0 = Debug|Any CPU
		{97D1F40C-FB85-40A3-B57C-0FD32A8E971D}.Release|Any CPU.ActiveCfg = Release|Any CPU
		{97D1F40C-FB85-40A3-B57C-0FD32A8E971D}.Release|Any CPU.Build.0 = Release|Any CPU
	EndGlobalSection
	GlobalSection(SolutionProperties) = preSolution
		HideSolutionNode = FALSE
	EndGlobalSection
EndGlobal
