
Microsoft Visual Studio Solution File, Format Version 12.00
# Visual Studio Express 2013 for Windows Desktop
VisualStudioVersion = 12.0.21005.1
MinimumVisualStudioVersion = 10.0.40219.1
Project("{FAE04EC0-301F-11D3-BF4B-00C04F79EFBC}") = "201.VariablesType", "VariablesType\201.VariablesType.csproj", "{F0DA2371-B121-44A4-9215-93C6254AADA0}"
EndProject
Project("{FAE04EC0-301F-11D3-BF4B-00C04F79EFBC}") = "202.FloatDoubleVars", "FloatDoubleVars\202.FloatDoubleVars.csproj", "{DD6BFD8B-39A6-4709-876F-07848D38EEAB}"
EndProject
Project("{FAE04EC0-301F-11D3-BF4B-00C04F79EFBC}") = "203.FloatingPointPrecision", "FloatingPointPrecision\203.FloatingPointPrecision.csproj", "{85E56E44-D532-44FC-ABBE-F5DEE9A24D7F}"
EndProject
Project("{FAE04EC0-301F-11D3-BF4B-00C04F79EFBC}") = "204.HexVariable", "HexVariable\204.HexVariable.csproj", "{FED68D49-733D-4968-B846-94414E04059D}"
EndProject
Project("{FAE04EC0-301F-11D3-BF4B-00C04F79EFBC}") = "205.CharVariable", "CharVariable\205.CharVariable.csproj", "{0E62D342-32BA-4F18-8D73-C63F9DE01E9C}"
EndProject
Project("{FAE04EC0-301F-11D3-BF4B-00C04F79EFBC}") = "206.BoolVariable", "BoolVariable\206.BoolVariable.csproj", "{2815D7C1-5E71-4D0B-9073-3AE86AE989C6}"
EndProject
Project("{FAE04EC0-301F-11D3-BF4B-00C04F79EFBC}") = "207.StringObjectVariables", "StringObjectVariables\207.StringObjectVariables.csproj", "{9F6D0B3E-31F6-4B37-BCA3-88A6708A41C7}"
EndProject
Project("{FAE04EC0-301F-11D3-BF4B-00C04F79EFBC}") = "208.StringsTwoWays", "StringsTwoWays\208.StringsTwoWays.csproj", "{A2E390CE-61A5-46F8-9EEE-8FB32D11678C}"
EndProject
Project("{FAE04EC0-301F-11D3-BF4B-00C04F79EFBC}") = "209.CopyrightTriangle", "CopyrightTriangle\209.CopyrightTriangle.csproj", "{89D73173-D242-41C8-84B1-00499BAF162C}"
EndProject
Project("{FAE04EC0-301F-11D3-BF4B-00C04F79EFBC}") = "210.FirmEmployees", "FirmEmployees\210.FirmEmployees.csproj", "{A1D9674A-B874-49B8-A3E6-DE2FB6C12993}"
EndProject
Project("{FAE04EC0-301F-11D3-BF4B-00C04F79EFBC}") = "211.IntExchange", "IntExchange\211.IntExchange.csproj", "{0DF029FE-88C8-4EC1-A955-D263C8AB900B}"
EndProject
Project("{FAE04EC0-301F-11D3-BF4B-00C04F79EFBC}") = "213.NullableIntDouble", "NullableIntDouble\213.NullableIntDouble.csproj", "{1F37700F-26E6-44E7-9813-2636F8BCC608}"
EndProject
Project("{FAE04EC0-301F-11D3-BF4B-00C04F79EFBC}") = "214.BankAccount", "BankAccount\214.BankAccount.csproj", "{6D9D12A1-3F47-4BB1-BAE5-0D9BCAA761CF}"
EndProject
Project("{FAE04EC0-301F-11D3-BF4B-00C04F79EFBC}") = "212.PrintASCIITable", "PrintASCIITable\212.PrintASCIITable.csproj", "{6FFF210A-FADB-4D2F-9249-FFDB39878B2E}"
EndProject
Global
	GlobalSection(SolutionConfigurationPlatforms) = preSolution
		Debug|Any CPU = Debug|Any CPU
		Release|Any CPU = Release|Any CPU
	EndGlobalSection
	GlobalSection(ProjectConfigurationPlatforms) = postSolution
		{F0DA2371-B121-44A4-9215-93C6254AADA0}.Debug|Any CPU.ActiveCfg = Debug|Any CPU
		{F0DA2371-B121-44A4-9215-93C6254AADA0}.Debug|Any CPU.Build.0 = Debug|Any CPU
		{F0DA2371-B121-44A4-9215-93C6254AADA0}.Release|Any CPU.ActiveCfg = Release|Any CPU
		{F0DA2371-B121-44A4-9215-93C6254AADA0}.Release|Any CPU.Build.0 = Release|Any CPU
		{DD6BFD8B-39A6-4709-876F-07848D38EEAB}.Debug|Any CPU.ActiveCfg = Debug|Any CPU
		{DD6BFD8B-39A6-4709-876F-07848D38EEAB}.Debug|Any CPU.Build.0 = Debug|Any CPU
		{DD6BFD8B-39A6-4709-876F-07848D38EEAB}.Release|Any CPU.ActiveCfg = Release|Any CPU
		{DD6BFD8B-39A6-4709-876F-07848D38EEAB}.Release|Any CPU.Build.0 = Release|Any CPU
		{85E56E44-D532-44FC-ABBE-F5DEE9A24D7F}.Debug|Any CPU.ActiveCfg = Debug|Any CPU
		{85E56E44-D532-44FC-ABBE-F5DEE9A24D7F}.Debug|Any CPU.Build.0 = Debug|Any CPU
		{85E56E44-D532-44FC-ABBE-F5DEE9A24D7F}.Release|Any CPU.ActiveCfg = Release|Any CPU
		{85E56E44-D532-44FC-ABBE-F5DEE9A24D7F}.Release|Any CPU.Build.0 = Release|Any CPU
		{FED68D49-733D-4968-B846-94414E04059D}.Debug|Any CPU.ActiveCfg = Debug|Any CPU
		{FED68D49-733D-4968-B846-94414E04059D}.Debug|Any CPU.Build.0 = Debug|Any CPU
		{FED68D49-733D-4968-B846-94414E04059D}.Release|Any CPU.ActiveCfg = Release|Any CPU
		{FED68D49-733D-4968-B846-94414E04059D}.Release|Any CPU.Build.0 = Release|Any CPU
		{0E62D342-32BA-4F18-8D73-C63F9DE01E9C}.Debug|Any CPU.ActiveCfg = Debug|Any CPU
		{0E62D342-32BA-4F18-8D73-C63F9DE01E9C}.Debug|Any CPU.Build.0 = Debug|Any CPU
		{0E62D342-32BA-4F18-8D73-C63F9DE01E9C}.Release|Any CPU.ActiveCfg = Release|Any CPU
		{0E62D342-32BA-4F18-8D73-C63F9DE01E9C}.Release|Any CPU.Build.0 = Release|Any CPU
		{2815D7C1-5E71-4D0B-9073-3AE86AE989C6}.Debug|Any CPU.ActiveCfg = Debug|Any CPU
		{2815D7C1-5E71-4D0B-9073-3AE86AE989C6}.Debug|Any CPU.Build.0 = Debug|Any CPU
		{2815D7C1-5E71-4D0B-9073-3AE86AE989C6}.Release|Any CPU.ActiveCfg = Release|Any CPU
		{2815D7C1-5E71-4D0B-9073-3AE86AE989C6}.Release|Any CPU.Build.0 = Release|Any CPU
		{9F6D0B3E-31F6-4B37-BCA3-88A6708A41C7}.Debug|Any CPU.ActiveCfg = Debug|Any CPU
		{9F6D0B3E-31F6-4B37-BCA3-88A6708A41C7}.Debug|Any CPU.Build.0 = Debug|Any CPU
		{9F6D0B3E-31F6-4B37-BCA3-88A6708A41C7}.Release|Any CPU.ActiveCfg = Release|Any CPU
		{9F6D0B3E-31F6-4B37-BCA3-88A6708A41C7}.Release|Any CPU.Build.0 = Release|Any CPU
		{A2E390CE-61A5-46F8-9EEE-8FB32D11678C}.Debug|Any CPU.ActiveCfg = Debug|Any CPU
		{A2E390CE-61A5-46F8-9EEE-8FB32D11678C}.Debug|Any CPU.Build.0 = Debug|Any CPU
		{A2E390CE-61A5-46F8-9EEE-8FB32D11678C}.Release|Any CPU.ActiveCfg = Release|Any CPU
		{A2E390CE-61A5-46F8-9EEE-8FB32D11678C}.Release|Any CPU.Build.0 = Release|Any CPU
		{89D73173-D242-41C8-84B1-00499BAF162C}.Debug|Any CPU.ActiveCfg = Debug|Any CPU
		{89D73173-D242-41C8-84B1-00499BAF162C}.Debug|Any CPU.Build.0 = Debug|Any CPU
		{89D73173-D242-41C8-84B1-00499BAF162C}.Release|Any CPU.ActiveCfg = Release|Any CPU
		{89D73173-D242-41C8-84B1-00499BAF162C}.Release|Any CPU.Build.0 = Release|Any CPU
		{A1D9674A-B874-49B8-A3E6-DE2FB6C12993}.Debug|Any CPU.ActiveCfg = Debug|Any CPU
		{A1D9674A-B874-49B8-A3E6-DE2FB6C12993}.Debug|Any CPU.Build.0 = Debug|Any CPU
		{A1D9674A-B874-49B8-A3E6-DE2FB6C12993}.Release|Any CPU.ActiveCfg = Release|Any CPU
		{A1D9674A-B874-49B8-A3E6-DE2FB6C12993}.Release|Any CPU.Build.0 = Release|Any CPU
		{0DF029FE-88C8-4EC1-A955-D263C8AB900B}.Debug|Any CPU.ActiveCfg = Debug|Any CPU
		{0DF029FE-88C8-4EC1-A955-D263C8AB900B}.Debug|Any CPU.Build.0 = Debug|Any CPU
		{0DF029FE-88C8-4EC1-A955-D263C8AB900B}.Release|Any CPU.ActiveCfg = Release|Any CPU
		{0DF029FE-88C8-4EC1-A955-D263C8AB900B}.Release|Any CPU.Build.0 = Release|Any CPU
		{1F37700F-26E6-44E7-9813-2636F8BCC608}.Debug|Any CPU.ActiveCfg = Debug|Any CPU
		{1F37700F-26E6-44E7-9813-2636F8BCC608}.Debug|Any CPU.Build.0 = Debug|Any CPU
		{1F37700F-26E6-44E7-9813-2636F8BCC608}.Release|Any CPU.ActiveCfg = Release|Any CPU
		{1F37700F-26E6-44E7-9813-2636F8BCC608}.Release|Any CPU.Build.0 = Release|Any CPU
		{6D9D12A1-3F47-4BB1-BAE5-0D9BCAA761CF}.Debug|Any CPU.ActiveCfg = Debug|Any CPU
		{6D9D12A1-3F47-4BB1-BAE5-0D9BCAA761CF}.Debug|Any CPU.Build.0 = Debug|Any CPU
		{6D9D12A1-3F47-4BB1-BAE5-0D9BCAA761CF}.Release|Any CPU.ActiveCfg = Release|Any CPU
		{6D9D12A1-3F47-4BB1-BAE5-0D9BCAA761CF}.Release|Any CPU.Build.0 = Release|Any CPU
		{6FFF210A-FADB-4D2F-9249-FFDB39878B2E}.Debug|Any CPU.ActiveCfg = Debug|Any CPU
		{6FFF210A-FADB-4D2F-9249-FFDB39878B2E}.Debug|Any CPU.Build.0 = Debug|Any CPU
		{6FFF210A-FADB-4D2F-9249-FFDB39878B2E}.Release|Any CPU.ActiveCfg = Release|Any CPU
		{6FFF210A-FADB-4D2F-9249-FFDB39878B2E}.Release|Any CPU.Build.0 = Release|Any CPU
	EndGlobalSection
	GlobalSection(SolutionProperties) = preSolution
		HideSolutionNode = FALSE
	EndGlobalSection
EndGlobal
